version = 1
revision = 3
requires-python = ">=3.13"

[[package]]
name = "colorama"
version = "0.4.6"
source = { registry = "https://pypi.org/simple" }
sdist = { url = "https://files.pythonhosted.org/packages/d8/53/6f443c9a4a8358a93a6792e2acffb9d9d5cb0a5cfd8802644b7b1c9a02e4/colorama-0.4.6.tar.gz", hash = "sha256:08695f5cb7ed6e0531a20572697297273c47b8cae5a63ffc6d6ed5c201be6e44", size = 27697, upload-time = "2022-10-25T02:36:22.414Z" }
wheels = [
    { url = "https://files.pythonhosted.org/packages/d1/d6/3965ed04c63042e047cb6a3e6ed1a63a35087b6a609aa3a15ed8ac56c221/colorama-0.4.6-py2.py3-none-any.whl", hash = "sha256:4f1d9991f5acc0ca119f9d443620b77f9d6b33703e51011c16baf57afb285fc6", size = 25335, upload-time = "2022-10-25T02:36:20.889Z" },
]

[[package]]
name = "datetime"
version = "5.5"
source = { registry = "https://pypi.org/simple" }
dependencies = [
    { name = "pytz" },
    { name = "zope-interface" },
]
sdist = { url = "https://files.pythonhosted.org/packages/2f/66/e284b9978fede35185e5d18fb3ae855b8f573d8c90a56de5f6d03e8ef99e/DateTime-5.5.tar.gz", hash = "sha256:21ec6331f87a7fcb57bd7c59e8a68bfffe6fcbf5acdbbc7b356d6a9a020191d3", size = 63671, upload-time = "2024-03-21T07:26:50.211Z" }
wheels = [
    { url = "https://files.pythonhosted.org/packages/f3/78/8e382b8cb4346119e2e04270b6eb4a01c5ee70b47a8a0244ecdb157204f7/DateTime-5.5-py3-none-any.whl", hash = "sha256:0abf6c51cb4ba7cee775ca46ccc727f3afdde463be28dbbe8803631fefd4a120", size = 52649, upload-time = "2024-03-21T07:26:47.849Z" },
]

[[package]]
name = "iniconfig"
version = "2.1.0"
source = { registry = "https://pypi.org/simple" }
sdist = { url = "https://files.pythonhosted.org/packages/f2/97/ebf4da567aa6827c909642694d71c9fcf53e5b504f2d96afea02718862f3/iniconfig-2.1.0.tar.gz", hash = "sha256:3abbd2e30b36733fee78f9c7f7308f2d0050e88f0087fd25c2645f63c773e1c7", size = 4793, upload-time = "2025-03-19T20:09:59.721Z" }
wheels = [
    { url = "https://files.pythonhosted.org/packages/2c/e1/e6716421ea10d38022b952c159d5161ca1193197fb744506875fbb87ea7b/iniconfig-2.1.0-py3-none-any.whl", hash = "sha256:9deba5723312380e77435581c6bf4935c94cbfab9b1ed33ef8d238ea168eb760", size = 6050, upload-time = "2025-03-19T20:10:01.071Z" },
]

[[package]]
name = "packaging"
version = "25.0"
source = { registry = "https://pypi.org/simple" }
sdist = { url = "https://files.pythonhosted.org/packages/a1/d4/1fc4078c65507b51b96ca8f8c3ba19e6a61c8253c72794544580a7b6c24d/packaging-25.0.tar.gz", hash = "sha256:d443872c98d677bf60f6a1f2f8c1cb748e8fe762d2bf9d3148b5599295b0fc4f", size = 165727, upload-time = "2025-04-19T11:48:59.673Z" }
wheels = [
    { url = "https://files.pythonhosted.org/packages/20/12/38679034af332785aac8774540895e234f4d07f7545804097de4b666afd8/packaging-25.0-py3-none-any.whl", hash = "sha256:29572ef2b1f17581046b3a2227d5c611fb25ec70ca1ba8554b24b0e69331a484", size = 66469, upload-time = "2025-04-19T11:48:57.875Z" },
]

[[package]]
name = "pluggy"
version = "1.6.0"
source = { registry = "https://pypi.org/simple" }
sdist = { url = "https://files.pythonhosted.org/packages/f9/e2/3e91f31a7d2b083fe6ef3fa267035b518369d9511ffab804f839851d2779/pluggy-1.6.0.tar.gz", hash = "sha256:7dcc130b76258d33b90f61b658791dede3486c3e6bfb003ee5c9bfb396dd22f3", size = 69412, upload-time = "2025-05-15T12:30:07.975Z" }
wheels = [
    { url = "https://files.pythonhosted.org/packages/54/20/4d324d65cc6d9205fabedc306948156824eb9f0ee1633355a8f7ec5c66bf/pluggy-1.6.0-py3-none-any.whl", hash = "sha256:e920276dd6813095e9377c0bc5566d94c932c33b27a3e3945d8389c374dd4746", size = 20538, upload-time = "2025-05-15T12:30:06.134Z" },
]

[[package]]
name = "pygments"
version = "2.19.2"
source = { registry = "https://pypi.org/simple" }
sdist = { url = "https://files.pythonhosted.org/packages/b0/77/a5b8c569bf593b0140bde72ea885a803b82086995367bf2037de0159d924/pygments-2.19.2.tar.gz", hash = "sha256:636cb2477cec7f8952536970bc533bc43743542f70392ae026374600add5b887", size = 4968631, upload-time = "2025-06-21T13:39:12.283Z" }
wheels = [
    { url = "https://files.pythonhosted.org/packages/c7/21/705964c7812476f378728bdf590ca4b771ec72385c533964653c68e86bdc/pygments-2.19.2-py3-none-any.whl", hash = "sha256:86540386c03d588bb81d44bc3928634ff26449851e99741617ecb9037ee5ec0b", size = 1225217, upload-time = "2025-06-21T13:39:07.939Z" },
]

[[package]]
name = "pytest"
version = "8.4.2"
source = { registry = "https://pypi.org/simple" }
dependencies = [
    { name = "colorama", marker = "sys_platform == 'win32'" },
    { name = "iniconfig" },
    { name = "packaging" },
    { name = "pluggy" },
    { name = "pygments" },
]
sdist = { url = "https://files.pythonhosted.org/packages/a3/5c/00a0e072241553e1a7496d638deababa67c5058571567b92a7eaa258397c/pytest-8.4.2.tar.gz", hash = "sha256:86c0d0b93306b961d58d62a4db4879f27fe25513d4b969df351abdddb3c30e01", size = 1519618, upload-time = "2025-09-04T14:34:22.711Z" }
wheels = [
    { url = "https://files.pythonhosted.org/packages/a8/a4/20da314d277121d6534b3a980b29035dcd51e6744bd79075a6ce8fa4eb8d/pytest-8.4.2-py3-none-any.whl", hash = "sha256:872f880de3fc3a5bdc88a11b39c9710c3497a547cfa9320bc3c5e62fbf272e79", size = 365750, upload-time = "2025-09-04T14:34:20.226Z" },
]

[[package]]
name = "pytz"
version = "2025.2"
source = { registry = "https://pypi.org/simple" }
sdist = { url = "https://files.pythonhosted.org/packages/f8/bf/abbd3cdfb8fbc7fb3d4d38d320f2441b1e7cbe29be4f23797b4a2b5d8aac/pytz-2025.2.tar.gz", hash = "sha256:360b9e3dbb49a209c21ad61809c7fb453643e048b38924c765813546746e81c3", size = 320884, upload-time = "2025-03-25T02:25:00.538Z" }
wheels = [
    { url = "https://files.pythonhosted.org/packages/81/c4/34e93fe5f5429d7570ec1fa436f1986fb1f00c3e0f43a589fe2bbcd22c3f/pytz-2025.2-py2.py3-none-any.whl", hash = "sha256:5ddf76296dd8c44c26eb8f4b6f35488f3ccbf6fbbd7adee0b7262d43f0ec2f00", size = 509225, upload-time = "2025-03-25T02:24:58.468Z" },
]

[[package]]
name = "shipping-car-mall"
version = "0.1.0"
source = { virtual = "." }
dependencies = [
    { name = "datetime" },
    { name = "pytest" },
    { name = "typing" },
]

[package.metadata]
requires-dist = [
    { name = "datetime", specifier = ">=5.5" },
    { name = "pytest", specifier = ">=8.4.2" },
    { name = "typing", specifier = ">=3.10.0.0" },
]

[[package]]
name = "typing"
version = "3.10.0.0"
source = { registry = "https://pypi.org/simple" }
sdist = { url = "https://files.pythonhosted.org/packages/b0/1b/835d4431805939d2996f8772aca1d2313a57e8860fec0e48e8e7dfe3a477/typing-3.10.0.0.tar.gz", hash = "sha256:13b4ad211f54ddbf93e5901a9967b1e07720c1d1b78d596ac6a439641aa1b130", size = 78962, upload-time = "2021-05-01T18:03:58.186Z" }
wheels = [
    { url = "https://files.pythonhosted.org/packages/f2/5d/865e17349564eb1772688d8afc5e3081a5964c640d64d1d2880ebaed002d/typing-3.10.0.0-py3-none-any.whl", hash = "sha256:12fbdfbe7d6cca1a42e485229afcb0b0c8259258cfb919b8a5e2a5c953742f89", size = 26320, upload-time = "2021-05-01T18:03:56.398Z" },
]

[[package]]
name = "zope-interface"
version = "8.0.1"
source = { registry = "https://pypi.org/simple" }
sdist = { url = "https://files.pythonhosted.org/packages/88/3a/7fcf02178b8fad0a51e67e32765cd039ae505d054d744d76b8c2bbcba5ba/zope_interface-8.0.1.tar.gz", hash = "sha256:eba5610d042c3704a48222f7f7c6ab5b243ed26f917e2bc69379456b115e02d1", size = 253746, upload-time = "2025-09-25T05:55:51.285Z" }
wheels = [
    { url = "https://files.pythonhosted.org/packages/5f/dc/3c12fca01c910c793d636ffe9c0984e0646abaf804e44552070228ed0ede/zope_interface-8.0.1-cp313-cp313-macosx_10_9_x86_64.whl", hash = "sha256:c7cc027fc5c61c5d69e5080c30b66382f454f43dc379c463a38e78a9c6bab71a", size = 208992, upload-time = "2025-09-25T05:58:40.712Z" },
    { url = "https://files.pythonhosted.org/packages/46/71/6127b7282a3e380ca927ab2b40778a9c97935a4a57a2656dadc312db5f30/zope_interface-8.0.1-cp313-cp313-macosx_11_0_arm64.whl", hash = "sha256:fcf9097ff3003b7662299f1c25145e15260ec2a27f9a9e69461a585d79ca8552", size = 209051, upload-time = "2025-09-25T05:58:42.182Z" },
    { url = "https://files.pythonhosted.org/packages/56/86/4387a9f951ee18b0e41fda77da77d59c33e59f04660578e2bad688703e64/zope_interface-8.0.1-cp313-cp313-manylinux1_i686.manylinux2014_i686.manylinux_2_17_i686.manylinux_2_5_i686.whl", hash = "sha256:6d965347dd1fb9e9a53aa852d4ded46b41ca670d517fd54e733a6b6a4d0561c2", size = 259223, upload-time = "2025-09-25T05:58:23.191Z" },
    { url = "https://files.pythonhosted.org/packages/61/08/ce60a114466abc067c68ed41e2550c655f551468ae17b4b17ea360090146/zope_interface-8.0.1-cp313-cp313-manylinux1_x86_64.manylinux2014_x86_64.manylinux_2_17_x86_64.manylinux_2_5_x86_64.whl", hash = "sha256:9a3b8bb77a4b89427a87d1e9eb969ab05e38e6b4a338a9de10f6df23c33ec3c2", size = 264690, upload-time = "2025-09-25T05:58:15.052Z" },
    { url = "https://files.pythonhosted.org/packages/36/9a/62a9ba3a919594605a07c34eee3068659bbd648e2fa0c4a86d876810b674/zope_interface-8.0.1-cp313-cp313-manylinux2014_aarch64.manylinux_2_17_aarch64.whl", hash = "sha256:87e6b089002c43231fb9afec89268391bcc7a3b66e76e269ffde19a8112fb8d5", size = 264201, upload-time = "2025-09-25T06:26:27.797Z" },
    { url = "https://files.pythonhosted.org/packages/da/06/8fe88bd7edef60566d21ef5caca1034e10f6b87441ea85de4bbf9ea74768/zope_interface-8.0.1-cp313-cp313-win_amd64.whl", hash = "sha256:64a43f5280aa770cbafd0307cb3d1ff430e2a1001774e8ceb40787abe4bb6658", size = 212273, upload-time = "2025-09-25T06:00:25.398Z" },
]
